# This file is autogenerated, do not edit; changes may be undone by the next 'dep ensure'.


[[projects]]
  digest = "1:c1100fc71e23b6a32b2c68a5202a848fd13811d5a10b12edb8019c3667d1cd9a"
  name = "github.com/cenkalti/backoff"
  packages = ["."]
  pruneopts = "UT"
  revision = "4b4cebaf850ec58f1bb1fec5bdebdf8501c2bc3f"
  version = "v3.0.0"

[[projects]]
  branch = "master"
  digest = "1:a1e279cbcee4f4726484be4327fb013d1a9f55e9b2c223f4976a360398777bf6"
  name = "github.com/grandcat/zeroconf"
  packages = ["."]
  pruneopts = "UT"
  revision = "85eadb44205c14827ae7cbb129bc7eed4488dd25"

[[projects]]
  digest = "1:554af29db5f8e97dd01a8d5a3944c6cc3e91a2578a4ae14408d48cb179557e45"
  name = "github.com/miekg/dns"
  packages = ["."]
  pruneopts = "UT"
  revision = "c67445656579a3c3836047c509073f97022da0ed"
  version = "v1.1.16"

[[projects]]
  branch = "master"
  digest = "1:cd7e85fc3687e062714febdee3e8efeb00a413a2a620d28908fd0258261d2353"
  name = "golang.org/x/crypto"
  packages = [
    "ed25519",
    "ed25519/internal/edwards25519",
  ]
  pruneopts = "UT"
  revision = "9756ffdc24725223350eb3266ffb92590d28f278"

[[projects]]
  branch = "master"
  digest = "1:9896e6185a5f9a8c93b4c641c96bfab46677abf2be0a332a2affde2f575c0aad"
  name = "golang.org/x/net"
  packages = [
    "bpf",
    "internal/iana",
    "internal/socket",
    "ipv4",
    "ipv6",
  ]
  pruneopts = "UT"
  revision = "ba9fcec4b297b415637633c5a6e8fa592e4a16c3"

[[projects]]
  branch = "master"
  digest = "1:4f9cc50343843f7c58c1a1aecf17c226ea0e855f4d3293e796701ae985111e0d"
  name = "golang.org/x/sys"
  packages = [
    "unix",
    "windows",
  ]
  pruneopts = "UT"
  revision = "749cb33beabd9aa6d3178e3de05bcc914f70b2bf"

[solve-meta]
  analyzer-name = "dep"
  analyzer-version = 1
  input-imports = ["github.com/grandcat/zeroconf"]
  solver-name = "gps-cdcl"
  solver-version = 1
